# Auto-generated by ebpm - do not edit by hand.

[[package]]
name = "gtk4"
path = "/home/yann64/.ebpm/cache/git/https___github.com_yann64_eb-gtk4.git"
commit = "be423cc6bf776e0d0a70cc5e23416ca82f3a2d75"

[[package]]
name = "gui"
path = "/home/yann64/.ebpm/cache/git/https___github.com_yann64_eb-gui.git"
commit = "7c926fb4ba327c449073230978c025489882cdcb"
