# Auto-generated by ebpm - do not edit by hand.

[[package]]
name = "gtk4"
path = "/home/yann64/.ebpm/cache/git/https___github.com_yann64_eb-gtk4.git"
commit = "559a8e01e19d9ec332bdab43f9c39f88b99b8cdc"

[[package]]
name = "gui"
path = "/home/yann64/.ebpm/cache/git/https___github.com_yann64_eb-gui.git"
commit = "c83650db1486e996bec480db54641a756f60cd67"
